
Microsoft Visual Studio Solution File, Format Version 12.00
# Visual Studio Version 17
VisualStudioVersion = 17.6.33815.320
MinimumVisualStudioVersion = 10.0.40219.1
Project("{8BC9CEB8-8B4A-11D0-8D11-00A0C91BC942}") = "ContentsServer", "ContentsServer\ContentsServer.vcxproj", "{A3E55530-D4C9-40EF-8D91-C1CFA7384F2F}"
EndProject
Project("{8BC9CEB8-8B4A-11D0-8D11-00A0C91BC942}") = "MultiSocketRUDPClient", "MultiSocketRUDPClient\MultiSocketRUDPClient.vcxproj", "{F3949482-754B-4097-AE29-AA14E700FEC3}"
EndProject
Project("{8BC9CEB8-8B4A-11D0-8D11-00A0C91BC942}") = "ContentsClient", "ContentsClient\ContentsClient.vcxproj", "{53B3C18C-880D-47D7-BB35-92FC9B3D4583}"
EndProject
Project("{8BC9CEB8-8B4A-11D0-8D11-00A0C91BC942}") = "MultiSocketRUDPServer", "MultiSocketRUDPServer\MultiSocketRUDP.vcxproj", "{16F99C50-D24A-47B7-9402-2278BC3F0B0B}"
EndProject
Global
	GlobalSection(SolutionConfigurationPlatforms) = preSolution
		Debug|x64 = Debug|x64
		Debug|x86 = Debug|x86
		Release|x64 = Release|x64
		Release|x86 = Release|x86
	EndGlobalSection
	GlobalSection(ProjectConfigurationPlatforms) = postSolution
		{A3E55530-D4C9-40EF-8D91-C1CFA7384F2F}.Debug|x64.ActiveCfg = Debug|x64
		{A3E55530-D4C9-40EF-8D91-C1CFA7384F2F}.Debug|x64.Build.0 = Debug|x64
		{A3E55530-D4C9-40EF-8D91-C1CFA7384F2F}.Debug|x86.ActiveCfg = Debug|Win32
		{A3E55530-D4C9-40EF-8D91-C1CFA7384F2F}.Debug|x86.Build.0 = Debug|Win32
		{A3E55530-D4C9-40EF-8D91-C1CFA7384F2F}.Release|x64.ActiveCfg = Release|x64
		{A3E55530-D4C9-40EF-8D91-C1CFA7384F2F}.Release|x64.Build.0 = Release|x64
		{A3E55530-D4C9-40EF-8D91-C1CFA7384F2F}.Release|x86.ActiveCfg = Release|Win32
		{A3E55530-D4C9-40EF-8D91-C1CFA7384F2F}.Release|x86.Build.0 = Release|Win32
		{F3949482-754B-4097-AE29-AA14E700FEC3}.Debug|x64.ActiveCfg = Debug|x64
		{F3949482-754B-4097-AE29-AA14E700FEC3}.Debug|x64.Build.0 = Debug|x64
		{F3949482-754B-4097-AE29-AA14E700FEC3}.Debug|x86.ActiveCfg = Debug|Win32
		{F3949482-754B-4097-AE29-AA14E700FEC3}.Debug|x86.Build.0 = Debug|Win32
		{F3949482-754B-4097-AE29-AA14E700FEC3}.Release|x64.ActiveCfg = Release|x64
		{F3949482-754B-4097-AE29-AA14E700FEC3}.Release|x64.Build.0 = Release|x64
		{F3949482-754B-4097-AE29-AA14E700FEC3}.Release|x86.ActiveCfg = Release|Win32
		{F3949482-754B-4097-AE29-AA14E700FEC3}.Release|x86.Build.0 = Release|Win32
		{53B3C18C-880D-47D7-BB35-92FC9B3D4583}.Debug|x64.ActiveCfg = Debug|x64
		{53B3C18C-880D-47D7-BB35-92FC9B3D4583}.Debug|x64.Build.0 = Debug|x64
		{53B3C18C-880D-47D7-BB35-92FC9B3D4583}.Debug|x86.ActiveCfg = Debug|Win32
		{53B3C18C-880D-47D7-BB35-92FC9B3D4583}.Debug|x86.Build.0 = Debug|Win32
		{53B3C18C-880D-47D7-BB35-92FC9B3D4583}.Release|x64.ActiveCfg = Release|x64
		{53B3C18C-880D-47D7-BB35-92FC9B3D4583}.Release|x64.Build.0 = Release|x64
		{53B3C18C-880D-47D7-BB35-92FC9B3D4583}.Release|x86.ActiveCfg = Release|Win32
		{53B3C18C-880D-47D7-BB35-92FC9B3D4583}.Release|x86.Build.0 = Release|Win32
		{16F99C50-D24A-47B7-9402-2278BC3F0B0B}.Debug|x64.ActiveCfg = Debug|x64
		{16F99C50-D24A-47B7-9402-2278BC3F0B0B}.Debug|x64.Build.0 = Debug|x64
		{16F99C50-D24A-47B7-9402-2278BC3F0B0B}.Debug|x86.ActiveCfg = Debug|Win32
		{16F99C50-D24A-47B7-9402-2278BC3F0B0B}.Debug|x86.Build.0 = Debug|Win32
		{16F99C50-D24A-47B7-9402-2278BC3F0B0B}.Release|x64.ActiveCfg = Release|x64
		{16F99C50-D24A-47B7-9402-2278BC3F0B0B}.Release|x64.Build.0 = Release|x64
		{16F99C50-D24A-47B7-9402-2278BC3F0B0B}.Release|x86.ActiveCfg = Release|Win32
		{16F99C50-D24A-47B7-9402-2278BC3F0B0B}.Release|x86.Build.0 = Release|Win32
	EndGlobalSection
	GlobalSection(SolutionProperties) = preSolution
		HideSolutionNode = FALSE
	EndGlobalSection
	GlobalSection(ExtensibilityGlobals) = postSolution
		SolutionGuid = {0EA2F009-DA61-4FD3-9A4C-B8973C4CB13C}
	EndGlobalSection
EndGlobal
