<?xml version="1.0" encoding="utf-8"?>
<Project ToolsVersion="4.0" xmlns="http://schemas.microsoft.com/developer/msbuild/2003">
  <ItemGroup>
    <Filter Include="소스 파일">
      <UniqueIdentifier>{4FC737F1-C7A5-4376-A066-2A32D752A2FF}</UniqueIdentifier>
      <Extensions>cpp;c;cc;cxx;c++;cppm;ixx;def;odl;idl;hpj;bat;asm;asmx</Extensions>
    </Filter>
    <Filter Include="헤더 파일">
      <UniqueIdentifier>{93995380-89BD-4b04-88EB-625FBE52EBFB}</UniqueIdentifier>
      <Extensions>h;hh;hpp;hxx;h++;hm;inl;inc;ipp;xsd</Extensions>
    </Filter>
    <Filter Include="리소스 파일">
      <UniqueIdentifier>{67DA6AB6-F800-4c08-8B7A-83BB121AAD01}</UniqueIdentifier>
      <Extensions>rc;ico;cur;bmp;dlg;rc2;rct;bin;rgs;gif;jpg;jpeg;jpe;resx;tiff;tif;png;wav;mfcribbon-ms</Extensions>
    </Filter>
    <Filter Include="소스 파일\lib">
      <UniqueIdentifier>{233fe088-e254-4c25-a173-581205b446e7}</UniqueIdentifier>
    </Filter>
    <Filter Include="소스 파일\MultiSocketRUDPCore">
      <UniqueIdentifier>{728aca7e-114d-4f4b-b9d9-9ca42ff4b731}</UniqueIdentifier>
    </Filter>
    <Filter Include="소스 파일\MultiSocketRUDPCore\CoreType">
      <UniqueIdentifier>{9fa1f85a-84c2-4b97-8d12-a5bdb0e0513f}</UniqueIdentifier>
    </Filter>
    <Filter Include="소스 파일\Protocol">
      <UniqueIdentifier>{90e377ca-e90d-4e82-bbd6-62c571911009}</UniqueIdentifier>
    </Filter>
  </ItemGroup>
  <ItemGroup>
    <ClCompile Include="..\..\..\..\..\Desktop\Common\NetServerSerializeBuffer.cpp">
      <Filter>소스 파일\lib</Filter>
    </ClCompile>
    <ClCompile Include="main.cpp">
      <Filter>소스 파일</Filter>
    </ClCompile>
    <ClCompile Include="MultiSocketRUDPCore.cpp">
      <Filter>소스 파일\MultiSocketRUDPCore</Filter>
    </ClCompile>
    <ClCompile Include="..\..\..\..\..\Desktop\Common\NetServer.cpp">
      <Filter>소스 파일\lib</Filter>
    </ClCompile>
    <ClCompile Include="RUDPSessionBroker.cpp">
      <Filter>소스 파일\MultiSocketRUDPCore</Filter>
    </ClCompile>
    <ClCompile Include="RUDPSession.cpp">
      <Filter>소스 파일\MultiSocketRUDPCore</Filter>
    </ClCompile>
  </ItemGroup>
  <ItemGroup>
    <ClInclude Include="CoreType.h">
      <Filter>소스 파일\MultiSocketRUDPCore\CoreType</Filter>
    </ClInclude>
    <ClInclude Include="MultiSocketRUDPCore.h">
      <Filter>소스 파일\MultiSocketRUDPCore</Filter>
    </ClInclude>
    <ClInclude Include="BuildConfig.h">
      <Filter>소스 파일\MultiSocketRUDPCore\CoreType</Filter>
    </ClInclude>
    <ClInclude Include="RUDPSession.h">
      <Filter>소스 파일\MultiSocketRUDPCore</Filter>
    </ClInclude>
    <ClInclude Include="Protocol.h">
      <Filter>소스 파일\Protocol</Filter>
    </ClInclude>
  </ItemGroup>
</Project>