<?xml version="1.0" encoding="utf-8"?>
<Project ToolsVersion="4.0" xmlns="http://schemas.microsoft.com/developer/msbuild/2003">
  <ItemGroup>
    <Filter Include="소스 파일">
      <UniqueIdentifier>{4FC737F1-C7A5-4376-A066-2A32D752A2FF}</UniqueIdentifier>
      <Extensions>cpp;c;cc;cxx;c++;cppm;ixx;def;odl;idl;hpj;bat;asm;asmx</Extensions>
    </Filter>
    <Filter Include="헤더 파일">
      <UniqueIdentifier>{93995380-89BD-4b04-88EB-625FBE52EBFB}</UniqueIdentifier>
      <Extensions>h;hh;hpp;hxx;h++;hm;inl;inc;ipp;xsd</Extensions>
    </Filter>
    <Filter Include="리소스 파일">
      <UniqueIdentifier>{67DA6AB6-F800-4c08-8B7A-83BB121AAD01}</UniqueIdentifier>
      <Extensions>rc;ico;cur;bmp;dlg;rc2;rct;bin;rgs;gif;jpg;jpeg;jpe;resx;tiff;tif;png;wav;mfcribbon-ms</Extensions>
    </Filter>
    <Filter Include="소스 파일\lib">
      <UniqueIdentifier>{233fe088-e254-4c25-a173-581205b446e7}</UniqueIdentifier>
    </Filter>
    <Filter Include="소스 파일\MultiSocketRUDPCore">
      <UniqueIdentifier>{728aca7e-114d-4f4b-b9d9-9ca42ff4b731}</UniqueIdentifier>
    </Filter>
    <Filter Include="소스 파일\MultiSocketRUDPCore\CoreType">
      <UniqueIdentifier>{9fa1f85a-84c2-4b97-8d12-a5bdb0e0513f}</UniqueIdentifier>
    </Filter>
    <Filter Include="소스 파일\PacketManager">
      <UniqueIdentifier>{314e01ef-91d4-4000-b448-c39baca6d21f}</UniqueIdentifier>
    </Filter>
    <Filter Include="소스 파일\Handler">
      <UniqueIdentifier>{44d20824-0ad8-47ca-8061-a7f77d167649}</UniqueIdentifier>
    </Filter>
    <Filter Include="소스 파일\Log">
      <UniqueIdentifier>{026f6f28-f811-456a-9506-993b77c3fe91}</UniqueIdentifier>
    </Filter>
    <Filter Include="소스 파일\Ticker">
      <UniqueIdentifier>{95485981-a236-4c8c-98a7-f4b7e22f9024}</UniqueIdentifier>
    </Filter>
    <Filter Include="소스 파일\MultiSocketRUDPCore\Session">
      <UniqueIdentifier>{8e34acbf-5811-4168-98bf-5cf5141d2d77}</UniqueIdentifier>
    </Filter>
    <Filter Include="소스 파일\MemoryTracer">
      <UniqueIdentifier>{5988ad38-7388-4406-8058-b5bb072ed9d4}</UniqueIdentifier>
    </Filter>
  </ItemGroup>
  <ItemGroup>
    <ClCompile Include="..\..\..\..\..\Desktop\Common\NetServerSerializeBuffer.cpp">
      <Filter>소스 파일\lib</Filter>
    </ClCompile>
    <ClCompile Include="MultiSocketRUDPCore.cpp">
      <Filter>소스 파일\MultiSocketRUDPCore</Filter>
    </ClCompile>
    <ClCompile Include="..\..\..\..\..\Desktop\Common\NetServer.cpp">
      <Filter>소스 파일\lib</Filter>
    </ClCompile>
    <ClCompile Include="PacketManager.cpp">
      <Filter>소스 파일\PacketManager</Filter>
    </ClCompile>
    <ClCompile Include="ProcessByPacketType.cpp">
      <Filter>소스 파일\MultiSocketRUDPCore</Filter>
    </ClCompile>
    <ClCompile Include="RUDPCoreReadOptionFile.cpp">
      <Filter>소스 파일\MultiSocketRUDPCore</Filter>
    </ClCompile>
    <ClCompile Include="..\..\..\..\..\Desktop\Common\PreCompile.cpp">
      <Filter>소스 파일\lib</Filter>
    </ClCompile>
    <ClCompile Include="..\..\..\..\..\Desktop\Common\Parse.cpp">
      <Filter>소스 파일\lib</Filter>
    </ClCompile>
    <ClCompile Include="Ticker.cpp">
      <Filter>소스 파일\Ticker</Filter>
    </ClCompile>
    <ClCompile Include="TimerEvent.cpp">
      <Filter>소스 파일\Ticker</Filter>
    </ClCompile>
    <ClCompile Include="RUDPSession.cpp">
      <Filter>소스 파일\MultiSocketRUDPCore\Session</Filter>
    </ClCompile>
    <ClCompile Include="RUDPSessionBroker.cpp">
      <Filter>소스 파일\MultiSocketRUDPCore\Session</Filter>
    </ClCompile>
    <ClCompile Include="MemoryTracer.cpp">
      <Filter>소스 파일\MemoryTracer</Filter>
    </ClCompile>
    <ClCompile Include="..\Common\Crypto\CryptoHelper.cpp">
      <Filter>소스 파일\lib</Filter>
    </ClCompile>
    <ClCompile Include="..\Common\TLS\TLSHelper.cpp">
      <Filter>소스 파일\lib</Filter>
    </ClCompile>
    <ClCompile Include="..\Common\FlowController\RUDPFlowController.cpp">
      <Filter>소스 파일\lib</Filter>
    </ClCompile>
    <ClCompile Include="..\Common\FlowController\RUDPReceiveWindow.cpp">
      <Filter>소스 파일\lib</Filter>
    </ClCompile>
    <ClCompile Include="RUDPThreadManager.cpp">
      <Filter>소스 파일\MultiSocketRUDPCore</Filter>
    </ClCompile>
  </ItemGroup>
  <ItemGroup>
    <ClInclude Include="MultiSocketRUDPCore.h">
      <Filter>소스 파일\MultiSocketRUDPCore</Filter>
    </ClInclude>
    <ClInclude Include="BuildConfig.h">
      <Filter>소스 파일\MultiSocketRUDPCore\CoreType</Filter>
    </ClInclude>
    <ClInclude Include="PacketManager.h">
      <Filter>소스 파일\PacketManager</Filter>
    </ClInclude>
    <ClInclude Include="PacketHandlerUtil.h">
      <Filter>소스 파일\Handler</Filter>
    </ClInclude>
    <ClInclude Include="LogExtension.h">
      <Filter>소스 파일\Log</Filter>
    </ClInclude>
    <ClInclude Include="Ticker.h">
      <Filter>소스 파일\Ticker</Filter>
    </ClInclude>
    <ClInclude Include="TimerEvent.h">
      <Filter>소스 파일\Ticker</Filter>
    </ClInclude>
    <ClInclude Include="RUDPSession.h">
      <Filter>소스 파일\MultiSocketRUDPCore\Session</Filter>
    </ClInclude>
    <ClInclude Include="MemoryTracer.h">
      <Filter>소스 파일\MemoryTracer</Filter>
    </ClInclude>
    <ClInclude Include="RUDPThreadManager.h">
      <Filter>소스 파일\MultiSocketRUDPCore</Filter>
    </ClInclude>
  </ItemGroup>
</Project>