<?xml version="1.0" encoding="utf-8"?>
<Project ToolsVersion="4.0" xmlns="http://schemas.microsoft.com/developer/msbuild/2003">
  <ItemGroup>
    <Filter Include="소스 파일">
      <UniqueIdentifier>{4FC737F1-C7A5-4376-A066-2A32D752A2FF}</UniqueIdentifier>
      <Extensions>cpp;c;cc;cxx;c++;cppm;ixx;def;odl;idl;hpj;bat;asm;asmx</Extensions>
    </Filter>
    <Filter Include="헤더 파일">
      <UniqueIdentifier>{93995380-89BD-4b04-88EB-625FBE52EBFB}</UniqueIdentifier>
      <Extensions>h;hh;hpp;hxx;h++;hm;inl;inc;ipp;xsd</Extensions>
    </Filter>
    <Filter Include="리소스 파일">
      <UniqueIdentifier>{67DA6AB6-F800-4c08-8B7A-83BB121AAD01}</UniqueIdentifier>
      <Extensions>rc;ico;cur;bmp;dlg;rc2;rct;bin;rgs;gif;jpg;jpeg;jpe;resx;tiff;tif;png;wav;mfcribbon-ms</Extensions>
    </Filter>
    <Filter Include="소스 파일\GoogleTestMain">
      <UniqueIdentifier>{0befe6ff-9939-43ef-99b8-b3729f725c92}</UniqueIdentifier>
    </Filter>
    <Filter Include="소스 파일\GoogleTestForServerCore">
      <UniqueIdentifier>{71eb59cc-fd70-4346-95ba-604aafb34336}</UniqueIdentifier>
    </Filter>
    <Filter Include="소스 파일\GoogleTestForClientCore">
      <UniqueIdentifier>{b3094cbb-0578-4ad5-a1b0-09a36a1910fa}</UniqueIdentifier>
    </Filter>
  </ItemGroup>
  <ItemGroup>
    <ClCompile Include="GoogleTest.cpp">
      <Filter>소스 파일\GoogleTestMain</Filter>
    </ClCompile>
    <ClCompile Include="main.cpp">
      <Filter>소스 파일</Filter>
    </ClCompile>
    <ClCompile Include="TimerEventTest.cpp">
      <Filter>소스 파일\GoogleTestForServerCore</Filter>
    </ClCompile>
    <ClCompile Include="PacketManagerTest.cpp">
      <Filter>소스 파일\GoogleTestForServerCore</Filter>
    </ClCompile>
    <ClCompile Include="RUDPFlowControllerTest.cpp">
      <Filter>소스 파일\GoogleTestForServerCore</Filter>
    </ClCompile>
    <ClCompile Include="RUDPReceiveWindowTest.cpp">
      <Filter>소스 파일\GoogleTestForServerCore</Filter>
    </ClCompile>
    <ClCompile Include="RUDPFlowManagerTest.cpp">
      <Filter>소스 파일\GoogleTestForServerCore</Filter>
    </ClCompile>
    <ClCompile Include="SessionStateMachineTest.cpp">
      <Filter>소스 파일\GoogleTestForServerCore</Filter>
    </ClCompile>
    <ClCompile Include="SessionPacketOrderer.cpp">
      <Filter>소스 파일\GoogleTestForServerCore</Filter>
    </ClCompile>
  </ItemGroup>
  <ItemGroup>
    <ClInclude Include="GoogleTest.h">
      <Filter>소스 파일\GoogleTestMain</Filter>
    </ClInclude>
  </ItemGroup>
</Project>